# This file is autogenerated, do not edit; changes may be undone by the next 'dep ensure'.


[[projects]]
  digest = "1:1f4623c84f7f678e677c4b418e1643aecca89df452078bb29efd56a71116a627"
  name = "github.com/gin-gonic/gin"
  packages = [
    ".",
    "binding",
    "render",
  ]
  pruneopts = "UT"
  revision = "e2212d40c62a98b388a5eb48ecbdcf88534688ba"
  version = "v1.1.4"

[[projects]]
  digest = "1:2a81c6e126d36ad027328cffaa4888fc3be40f09dc48028d1f93705b718130b9"
  name = "github.com/go-yaml/yaml"
  packages = ["."]
  pruneopts = "UT"
  revision = "7f97868eec74b32b0982dd158a51a446d1da7eb5"
  version = "v2.1.1"

[[projects]]
  digest = "1:aba5dd7a1a4fa837ba58827bc050e2a0f3652c84a07df86c2f61ab374d0899b6"
  name = "github.com/gogo/protobuf"
  packages = [
    "gogoproto",
    "proto",
    "protoc-gen-gogo/descriptor",
    "sortkeys",
    "types",
  ]
  pruneopts = "UT"
  revision = "636bf0302bc95575d69441b25a2603156ffdddf1"
  version = "v1.1.1"

[[projects]]
  digest = "1:5128d4076311c01eed979c9096860f565b7772c806f426131b37240bbc00ccc8"
  name = "github.com/golang/protobuf"
  packages = [
    "jsonpb",
    "proto",
    "protoc-gen-go/descriptor",
    "ptypes",
    "ptypes/any",
    "ptypes/duration",
    "ptypes/struct",
    "ptypes/timestamp",
  ]
  pruneopts = "UT"
  revision = "b4deda0973fb4c70b50d226b1af49f3da59f5265"
  version = "v1.1.0"

[[projects]]
  branch = "master"
  digest = "1:4a0c6bb4805508a6287675fac876be2ac1182539ca8a32468d8128882e9d5009"
  name = "github.com/golang/snappy"
  packages = ["."]
  pruneopts = "UT"
  revision = "2e65f85255dbc3072edf28d6b5b8efc472979f5a"

[[projects]]
  digest = "1:4df19d38aa8efc5648954a56630305d0c4ad9bd22531c31f9617b110bc12d00e"
  name = "github.com/grpc-ecosystem/grpc-gateway"
  packages = [
    "runtime",
    "runtime/internal",
    "utilities",
  ]
  pruneopts = "UT"
  revision = "92583770e3f01b09a0d3e9bdf64321d8bebd48f2"
  version = "v1.4.1"

[[projects]]
  branch = "master"
  digest = "1:68edec9cd4df6589fff2a0fd9ec15de3c1764658f1420a1e5714ee93e4239c5b"
  name = "github.com/mailru/easyjson"
  packages = [
    ".",
    "buffer",
    "jlexer",
    "jwriter",
  ]
  pruneopts = "UT"
  revision = "d5012789d6659eeed305f54c1b1542e7b65829e6"

[[projects]]
  branch = "master"
  digest = "1:31bd492aa2822484bcec518e0b693e1aedfdf9637b43527c0ad29d5cf8abfd43"
  name = "github.com/manucorporat/sse"
  packages = ["."]
  pruneopts = "UT"
  revision = "ee05b128a739a0fb76c7ebd3ae4810c1de808d6d"

[[projects]]
  digest = "1:d4d17353dbd05cb52a2a52b7fe1771883b682806f68db442b436294926bbfafb"
  name = "github.com/mattn/go-isatty"
  packages = ["."]
  pruneopts = "UT"
  revision = "0360b2af4f38e8d38c7fce2a9f4e702702d73a39"
  version = "v0.0.3"

[[projects]]
  digest = "1:69eeb97c686612a0eab81e77e08c7a4d9ed84ab4a27a988c3b5a613094e3ebb3"
  name = "github.com/olivere/elastic"
  packages = ["."]
  pruneopts = "UT"
  revision = "52741dc2ce53629cbe1e673869040d886cba2cd5"
  version = "v5.0.70"

[[projects]]
  digest = "1:40e195917a951a8bf867cd05de2a46aaf1806c50cf92eebf4c16f78cd196f747"
  name = "github.com/pkg/errors"
  packages = ["."]
  pruneopts = "UT"
  revision = "645ef00459ed84a119197bfb8d8205042c6df63d"
  version = "v0.8.0"

[[projects]]
  branch = "master"
  digest = "1:644d7e65ea431241ea1b95ae423634da11e6a2776a36f0049b49eac9defb877b"
  name = "github.com/prometheus/common"
  packages = ["model"]
  pruneopts = "UT"
  revision = "7600349dcfe1abd18d72d3a1770870d9800a7801"

[[projects]]
  digest = "1:e8efe90b53707c6888349a2dcd02120ba95af8b089646c4c858566e55fe6ce46"
  name = "github.com/prometheus/prometheus"
  packages = ["prompb"]
  pruneopts = "UT"
  revision = "bc6058c81272a8d938c05e75607371284236aadc"
  version = "v2.2.1"

[[projects]]
  digest = "1:9e9193aa51197513b3abcb108970d831fbcf40ef96aa845c4f03276e1fa316d2"
  name = "github.com/sirupsen/logrus"
  packages = ["."]
  pruneopts = "UT"
  revision = "c155da19408a8799da419ed3eeb0cb5db0ad5dbc"
  version = "v1.0.5"

[[projects]]
  branch = "master"
  digest = "1:3f3a05ae0b95893d90b9b3b5afdb79a9b3d96e4e36e099d841ae602e4aca0da8"
  name = "golang.org/x/crypto"
  packages = ["ssh/terminal"]
  pruneopts = "UT"
  revision = "c126467f60eb25f8f27e5a981f32a87e3965053f"

[[projects]]
  branch = "master"
  digest = "1:82f1b0582a936c1e93d076223aa44146cbfc9af4d8e8e8ba0cedd25d2f40398d"
  name = "golang.org/x/net"
  packages = [
    "context",
    "http/httpguts",
    "http2",
    "http2/hpack",
    "idna",
    "internal/timeseries",
    "trace",
  ]
  pruneopts = "UT"
  revision = "3673e40ba22529d22c3fd7c93e97b0ce50fa7bdd"

[[projects]]
  branch = "master"
  digest = "1:e939662205f1272f205543e5d0b28d8f4170213af3a2cd82a7d5a1a69c05b2e1"
  name = "golang.org/x/sys"
  packages = [
    "unix",
    "windows",
  ]
  pruneopts = "UT"
  revision = "e072cadbbdc8dd3d3ffa82b8b4b9304c261d9311"

[[projects]]
  digest = "1:7509ba4347d1f8de6ae9be8818b0cd1abc3deeffe28aeaf4be6d4b6b5178d9ca"
  name = "golang.org/x/text"
  packages = [
    "collate",
    "collate/build",
    "internal/colltab",
    "internal/gen",
    "internal/tag",
    "internal/triegen",
    "internal/ucd",
    "language",
    "secure/bidirule",
    "transform",
    "unicode/bidi",
    "unicode/cldr",
    "unicode/norm",
    "unicode/rangetable",
  ]
  pruneopts = "UT"
  revision = "f21a4dfb5e38f5895301dc265a8def02365cc3d0"
  version = "v0.3.0"

[[projects]]
  branch = "master"
  digest = "1:d895be142bb30d62f868fa9fa431aeb84199ab524ed6d02130e0541249b17dbf"
  name = "google.golang.org/genproto"
  packages = [
    "googleapis/api/annotations",
    "googleapis/rpc/status",
  ]
  pruneopts = "UT"
  revision = "2a72893556e4d1f6c795a4c039314c9fa751eedb"

[[projects]]
  digest = "1:4515e3030c440845b046354fd5d57671238428b820deebce2e9dabb5cd3c51ac"
  name = "google.golang.org/grpc"
  packages = [
    ".",
    "balancer",
    "balancer/base",
    "balancer/roundrobin",
    "codes",
    "connectivity",
    "credentials",
    "encoding",
    "encoding/proto",
    "grpclog",
    "internal",
    "internal/backoff",
    "internal/channelz",
    "internal/grpcrand",
    "keepalive",
    "metadata",
    "naming",
    "peer",
    "resolver",
    "resolver/dns",
    "resolver/passthrough",
    "stats",
    "status",
    "tap",
    "transport",
  ]
  pruneopts = "UT"
  revision = "168a6198bcb0ef175f7dacec0b8691fc141dc9b8"
  version = "v1.13.0"

[[projects]]
  digest = "1:cbc72c4c4886a918d6ab4b95e347ffe259846260f99ebdd8a198c2331cf2b2e9"
  name = "gopkg.in/go-playground/validator.v8"
  packages = ["."]
  pruneopts = "UT"
  revision = "5f1438d3fca68893a817e4a66806cea46a9e4ebf"
  version = "v8.18.2"

[[projects]]
  digest = "1:4e36bd3f031a6a1e07ab4f90b32c7ca940538aad1f008f1d3e73edcdd03ebc2c"
  name = "gopkg.in/olivere/elastic.v5"
  packages = [
    "config",
    "uritemplates",
  ]
  pruneopts = "UT"
  revision = "52741dc2ce53629cbe1e673869040d886cba2cd5"
  version = "v5.0.70"

[[projects]]
  digest = "1:342378ac4dcb378a5448dd723f0784ae519383532f5e70ade24132c4c8693202"
  name = "gopkg.in/yaml.v2"
  packages = ["."]
  pruneopts = "UT"
  revision = "5420a8b6744d3b0345ab293f6fcba19c978f1183"
  version = "v2.2.1"

[solve-meta]
  analyzer-name = "dep"
  analyzer-version = 1
  input-imports = [
    "github.com/gin-gonic/gin",
    "github.com/go-yaml/yaml",
    "github.com/golang/protobuf/proto",
    "github.com/golang/snappy",
    "github.com/olivere/elastic",
    "github.com/pkg/errors",
    "github.com/prometheus/common/model",
    "github.com/prometheus/prometheus/prompb",
    "github.com/sirupsen/logrus",
  ]
  solver-name = "gps-cdcl"
  solver-version = 1
